// !$*UTF8*$!
{
	archiveVersion = 1;
	classes = {
	};
	objectVersion = 46;
	objects = {

/* Begin PBXBuildFile section */
		295D08B3193E541D00B26FFF /* AppDelegate.swift in Sources */ = {isa = PBXBuildFile; fileRef = 295D08B2193E541D00B26FFF /* AppDelegate.swift */; };
		295D08B5193E541D00B26FFF /* GameScene.sks in Resources */ = {isa = PBXBuildFile; fileRef = 295D08B4193E541D00B26FFF /* GameScene.sks */; };
		295D08B7193E541D00B26FFF /* GameScene.swift in Sources */ = {isa = PBXBuildFile; fileRef = 295D08B6193E541D00B26FFF /* GameScene.swift */; };
		295D08B9193E541D00B26FFF /* GameViewController.swift in Sources */ = {isa = PBXBuildFile; fileRef = 295D08B8193E541D00B26FFF /* GameViewController.swift */; };
		295D08BC193E541D00B26FFF /* Main.storyboard in Resources */ = {isa = PBXBuildFile; fileRef = 295D08BA193E541D00B26FFF /* Main.storyboard */; };
		295D08BE193E541D00B26FFF /* Images.xcassets in Resources */ = {isa = PBXBuildFile; fileRef = 295D08BD193E541D00B26FFF /* Images.xcassets */; };
		295D08CA193E541D00B26FFF /* SpaceRunnerSwiftPortTests.swift in Sources */ = {isa = PBXBuildFile; fileRef = 295D08C9193E541D00B26FFF /* SpaceRunnerSwiftPortTests.swift */; };
/* End PBXBuildFile section */

/* Begin PBXContainerItemProxy section */
		295D08C4193E541D00B26FFF /* PBXContainerItemProxy */ = {
			isa = PBXContainerItemProxy;
			containerPortal = 295D08A5193E541D00B26FFF /* Project object */;
			proxyType = 1;
			remoteGlobalIDString = 295D08AC193E541D00B26FFF;
			remoteInfo = SpaceRunnerSwiftPort;
		};
/* End PBXContainerItemProxy section */

/* Begin PBXFileReference section */
		295D08AD193E541D00B26FFF /* SpaceRunnerSwiftPort.app */ = {isa = PBXFileReference; explicitFileType = wrapper.application; includeInIndex = 0; path = SpaceRunnerSwiftPort.app; sourceTree = BUILT_PRODUCTS_DIR; };
		295D08B1193E541D00B26FFF /* Info.plist */ = {isa = PBXFileReference; lastKnownFileType = text.plist.xml; path = Info.plist; sourceTree = "<group>"; };
		295D08B2193E541D00B26FFF /* AppDelegate.swift */ = {isa = PBXFileReference; lastKnownFileType = sourcecode.swift; path = AppDelegate.swift; sourceTree = "<group>"; };
		295D08B4193E541D00B26FFF /* GameScene.sks */ = {isa = PBXFileReference; lastKnownFileType = file.sks; path = GameScene.sks; sourceTree = "<group>"; };
		295D08B6193E541D00B26FFF /* GameScene.swift */ = {isa = PBXFileReference; lastKnownFileType = sourcecode.swift; path = GameScene.swift; sourceTree = "<group>"; };
		295D08B8193E541D00B26FFF /* GameViewController.swift */ = {isa = PBXFileReference; lastKnownFileType = sourcecode.swift; path = GameViewController.swift; sourceTree = "<group>"; };
		295D08BB193E541D00B26FFF /* Base */ = {isa = PBXFileReference; lastKnownFileType = file.storyboard; name = Base; path = Base.lproj/Main.storyboard; sourceTree = "<group>"; };
		295D08BD193E541D00B26FFF /* Images.xcassets */ = {isa = PBXFileReference; lastKnownFileType = folder.assetcatalog; path = Images.xcassets; sourceTree = "<group>"; };
		295D08C3193E541D00B26FFF /* SpaceRunnerSwiftPortTests.xctest */ = {isa = PBXFileReference; explicitFileType = wrapper.cfbundle; includeInIndex = 0; path = SpaceRunnerSwiftPortTests.xctest; sourceTree = BUILT_PRODUCTS_DIR; };
		295D08C8193E541D00B26FFF /* Info.plist */ = {isa = PBXFileReference; lastKnownFileType = text.plist.xml; path = Info.plist; sourceTree = "<group>"; };
		295D08C9193E541D00B26FFF /* SpaceRunnerSwiftPortTests.swift */ = {isa = PBXFileReference; lastKnownFileType = sourcecode.swift; path = SpaceRunnerSwiftPortTests.swift; sourceTree = "<group>"; };
/* End PBXFileReference section */

/* Begin PBXFrameworksBuildPhase section */
		295D08AA193E541D00B26FFF /* Frameworks */ = {
			isa = PBXFrameworksBuildPhase;
			buildActionMask = 2147483647;
			files = (
			);
			runOnlyForDeploymentPostprocessing = 0;
		};
		295D08C0193E541D00B26FFF /* Frameworks */ = {
			isa = PBXFrameworksBuildPhase;
			buildActionMask = 2147483647;
			files = (
			);
			runOnlyForDeploymentPostprocessing = 0;
		};
/* End PBXFrameworksBuildPhase section */

/* Begin PBXGroup section */
		295D08A4193E541D00B26FFF = {
			isa = PBXGroup;
			children = (
				295D08AF193E541D00B26FFF /* SpaceRunnerSwiftPort */,
				295D08C6193E541D00B26FFF /* SpaceRunnerSwiftPortTests */,
				295D08AE193E541D00B26FFF /* Products */,
			);
			sourceTree = "<group>";
		};
		295D08AE193E541D00B26FFF /* Products */ = {
			isa = PBXGroup;
			children = (
				295D08AD193E541D00B26FFF /* SpaceRunnerSwiftPort.app */,
				295D08C3193E541D00B26FFF /* SpaceRunnerSwiftPortTests.xctest */,
			);
			name = Products;
			sourceTree = "<group>";
		};
		295D08AF193E541D00B26FFF /* SpaceRunnerSwiftPort */ = {
			isa = PBXGroup;
			children = (
				295D08B2193E541D00B26FFF /* AppDelegate.swift */,
				295D08B4193E541D00B26FFF /* GameScene.sks */,
				295D08B6193E541D00B26FFF /* GameScene.swift */,
				295D08B8193E541D00B26FFF /* GameViewController.swift */,
				295D08BA193E541D00B26FFF /* Main.storyboard */,
				295D08BD193E541D00B26FFF /* Images.xcassets */,
				295D08B0193E541D00B26FFF /* Supporting Files */,
			);
			path = SpaceRunnerSwiftPort;
			sourceTree = "<group>";
		};
		295D08B0193E541D00B26FFF /* Supporting Files */ = {
			isa = PBXGroup;
			children = (
				295D08B1193E541D00B26FFF /* Info.plist */,
			);
			name = "Supporting Files";
			sourceTree = "<group>";
		};
		295D08C6193E541D00B26FFF /* SpaceRunnerSwiftPortTests */ = {
			isa = PBXGroup;
			children = (
				295D08C9193E541D00B26FFF /* SpaceRunnerSwiftPortTests.swift */,
				295D08C7193E541D00B26FFF /* Supporting Files */,
			);
			path = SpaceRunnerSwiftPortTests;
			sourceTree = "<group>";
		};
		295D08C7193E541D00B26FFF /* Supporting Files */ = {
			isa = PBXGroup;
			children = (
				295D08C8193E541D00B26FFF /* Info.plist */,
			);
			name = "Supporting Files";
			sourceTree = "<group>";
		};
/* End PBXGroup section */

/* Begin PBXNativeTarget section */
		295D08AC193E541D00B26FFF /* SpaceRunnerSwiftPort */ = {
			isa = PBXNativeTarget;
			buildConfigurationList = 295D08CD193E541D00B26FFF /* Build configuration list for PBXNativeTarget "SpaceRunnerSwiftPort" */;
			buildPhases = (
				295D08A9193E541D00B26FFF /* Sources */,
				295D08AA193E541D00B26FFF /* Frameworks */,
				295D08AB193E541D00B26FFF /* Resources */,
			);
			buildRules = (
			);
			dependencies = (
			);
			name = SpaceRunnerSwiftPort;
			productName = SpaceRunnerSwiftPort;
			productReference = 295D08AD193E541D00B26FFF /* SpaceRunnerSwiftPort.app */;
			productType = "com.apple.product-type.application";
		};
		295D08C2193E541D00B26FFF /* SpaceRunnerSwiftPortTests */ = {
			isa = PBXNativeTarget;
			buildConfigurationList = 295D08D0193E541D00B26FFF /* Build configuration list for PBXNativeTarget "SpaceRunnerSwiftPortTests" */;
			buildPhases = (
				295D08BF193E541D00B26FFF /* Sources */,
				295D08C0193E541D00B26FFF /* Frameworks */,
				295D08C1193E541D00B26FFF /* Resources */,
			);
			buildRules = (
			);
			dependencies = (
				295D08C5193E541D00B26FFF /* PBXTargetDependency */,
			);
			name = SpaceRunnerSwiftPortTests;
			productName = SpaceRunnerSwiftPortTests;
			productReference = 295D08C3193E541D00B26FFF /* SpaceRunnerSwiftPortTests.xctest */;
			productType = "com.apple.product-type.bundle.unit-test";
		};
/* End PBXNativeTarget section */

/* Begin PBXProject section */
		295D08A5193E541D00B26FFF /* Project object */ = {
			isa = PBXProject;
			attributes = {
				LastUpgradeCheck = 0600;
				ORGANIZATIONNAME = "Shawn Campbell";
				TargetAttributes = {
					295D08AC193E541D00B26FFF = {
						CreatedOnToolsVersion = 6.0;
					};
					295D08C2193E541D00B26FFF = {
						CreatedOnToolsVersion = 6.0;
						TestTargetID = 295D08AC193E541D00B26FFF;
					};
				};
			};
			buildConfigurationList = 295D08A8193E541D00B26FFF /* Build configuration list for PBXProject "SpaceRunnerSwiftPort" */;
			compatibilityVersion = "Xcode 3.2";
			developmentRegion = English;
			hasScannedForEncodings = 0;
			knownRegions = (
				en,
				Base,
			);
			mainGroup = 295D08A4193E541D00B26FFF;
			productRefGroup = 295D08AE193E541D00B26FFF /* Products */;
			projectDirPath = "";
			projectRoot = "";
			targets = (
				295D08AC193E541D00B26FFF /* SpaceRunnerSwiftPort */,
				295D08C2193E541D00B26FFF /* SpaceRunnerSwiftPortTests */,
			);
		};
/* End PBXProject section */

/* Begin PBXResourcesBuildPhase section */
		295D08AB193E541D00B26FFF /* Resources */ = {
			isa = PBXResourcesBuildPhase;
			buildActionMask = 2147483647;
			files = (
				295D08BE193E541D00B26FFF /* Images.xcassets in Resources */,
				295D08B5193E541D00B26FFF /* GameScene.sks in Resources */,
				295D08BC193E541D00B26FFF /* Main.storyboard in Resources */,
			);
			runOnlyForDeploymentPostprocessing = 0;
		};
		295D08C1193E541D00B26FFF /* Resources */ = {
			isa = PBXResourcesBuildPhase;
			buildActionMask = 2147483647;
			files = (
			);
			runOnlyForDeploymentPostprocessing = 0;
		};
/* End PBXResourcesBuildPhase section */

/* Begin PBXSourcesBuildPhase section */
		295D08A9193E541D00B26FFF /* Sources */ = {
			isa = PBXSourcesBuildPhase;
			buildActionMask = 2147483647;
			files = (
				295D08B7193E541D00B26FFF /* GameScene.swift in Sources */,
				295D08B9193E541D00B26FFF /* GameViewController.swift in Sources */,
				295D08B3193E541D00B26FFF /* AppDelegate.swift in Sources */,
			);
			runOnlyForDeploymentPostprocessing = 0;
		};
		295D08BF193E541D00B26FFF /* Sources */ = {
			isa = PBXSourcesBuildPhase;
			buildActionMask = 2147483647;
			files = (
				295D08CA193E541D00B26FFF /* SpaceRunnerSwiftPortTests.swift in Sources */,
			);
			runOnlyForDeploymentPostprocessing = 0;
		};
/* End PBXSourcesBuildPhase section */

/* Begin PBXTargetDependency section */
		295D08C5193E541D00B26FFF /* PBXTargetDependency */ = {
			isa = PBXTargetDependency;
			target = 295D08AC193E541D00B26FFF /* SpaceRunnerSwiftPort */;
			targetProxy = 295D08C4193E541D00B26FFF /* PBXContainerItemProxy */;
		};
/* End PBXTargetDependency section */

/* Begin PBXVariantGroup section */
		295D08BA193E541D00B26FFF /* Main.storyboard */ = {
			isa = PBXVariantGroup;
			children = (
				295D08BB193E541D00B26FFF /* Base */,
			);
			name = Main.storyboard;
			sourceTree = "<group>";
		};
/* End PBXVariantGroup section */

/* Begin XCBuildConfiguration section */
		295D08CB193E541D00B26FFF /* Debug */ = {
			isa = XCBuildConfiguration;
			buildSettings = {
				ALWAYS_SEARCH_USER_PATHS = NO;
				CLANG_CXX_LANGUAGE_STANDARD = "gnu++0x";
				CLANG_CXX_LIBRARY = "libc++";
				CLANG_ENABLE_MODULES = YES;
				CLANG_ENABLE_OBJC_ARC = YES;
				CLANG_WARN_BOOL_CONVERSION = YES;
				CLANG_WARN_CONSTANT_CONVERSION = YES;
				CLANG_WARN_DIRECT_OBJC_ISA_USAGE = YES_ERROR;
				CLANG_WARN_EMPTY_BODY = YES;
				CLANG_WARN_ENUM_CONVERSION = YES;
				CLANG_WARN_INT_CONVERSION = YES;
				CLANG_WARN_OBJC_ROOT_CLASS = YES_ERROR;
				CLANG_WARN_UNREACHABLE_CODE = YES;
				CLANG_WARN__DUPLICATE_METHOD_MATCH = YES;
				"CODE_SIGN_IDENTITY[sdk=iphoneos*]" = "iPhone Developer";
				COPY_PHASE_STRIP = NO;
				ENABLE_STRICT_OBJC_MSGSEND = YES;
				GCC_C_LANGUAGE_STANDARD = gnu99;
				GCC_DYNAMIC_NO_PIC = NO;
				GCC_OPTIMIZATION_LEVEL = 0;
				GCC_PREPROCESSOR_DEFINITIONS = (
					"DEBUG=1",
					"$(inherited)",
				);
				GCC_SYMBOLS_PRIVATE_EXTERN = NO;
				GCC_WARN_64_TO_32_BIT_CONVERSION = YES;
				GCC_WARN_ABOUT_RETURN_TYPE = YES_ERROR;
				GCC_WARN_UNDECLARED_SELECTOR = YES;
				GCC_WARN_UNINITIALIZED_AUTOS = YES_AGGRESSIVE;
				GCC_WARN_UNUSED_FUNCTION = YES;
				GCC_WARN_UNUSED_VARIABLE = YES;
				IPHONEOS_DEPLOYMENT_TARGET = 8.0;
				METAL_ENABLE_DEBUG_INFO = YES;
				ONLY_ACTIVE_ARCH = YES;
				SDKROOT = iphoneos;
				SWIFT_OPTIMIZATION_LEVEL = "-Onone";
				TARGETED_DEVICE_FAMILY = "1,2";
			};
			name = Debug;
		};
		295D08CC193E541D00B26FFF /* Release */ = {
			isa = XCBuildConfiguration;
			buildSettings = {
				ALWAYS_SEARCH_USER_PATHS = NO;
				CLANG_CXX_LANGUAGE_STANDARD = "gnu++0x";
				CLANG_CXX_LIBRARY = "libc++";
				CLANG_ENABLE_MODULES = YES;
				CLANG_ENABLE_OBJC_ARC = YES;
				CLANG_WARN_BOOL_CONVERSION = YES;
				CLANG_WARN_CONSTANT_CONVERSION = YES;
				CLANG_WARN_DIRECT_OBJC_ISA_USAGE = YES_ERROR;
				CLANG_WARN_EMPTY_BODY = YES;
				CLANG_WARN_ENUM_CONVERSION = YES;
				CLANG_WARN_INT_CONVERSION = YES;
				CLANG_WARN_OBJC_ROOT_CLASS = YES_ERROR;
				CLANG_WARN_UNREACHABLE_CODE = YES;
				CLANG_WARN__DUPLICATE_METHOD_MATCH = YES;
				"CODE_SIGN_IDENTITY[sdk=iphoneos*]" = "iPhone Developer";
				COPY_PHASE_STRIP = YES;
				ENABLE_NS_ASSERTIONS = NO;
				ENABLE_STRICT_OBJC_MSGSEND = YES;
				GCC_C_LANGUAGE_STANDARD = gnu99;
				GCC_WARN_64_TO_32_BIT_CONVERSION = YES;
				GCC_WARN_ABOUT_RETURN_TYPE = YES_ERROR;
				GCC_WARN_UNDECLARED_SELECTOR = YES;
				GCC_WARN_UNINITIALIZED_AUTOS = YES_AGGRESSIVE;
				GCC_WARN_UNUSED_FUNCTION = YES;
				GCC_WARN_UNUSED_VARIABLE = YES;
				IPHONEOS_DEPLOYMENT_TARGET = 8.0;
				METAL_ENABLE_DEBUG_INFO = NO;
				SDKROOT = iphoneos;
				TARGETED_DEVICE_FAMILY = "1,2";
				VALIDATE_PRODUCT = YES;
			};
			name = Release;
		};
		295D08CE193E541D00B26FFF /* Debug */ = {
			isa = XCBuildConfiguration;
			buildSettings = {
				ASSETCATALOG_COMPILER_APPICON_NAME = AppIcon;
				ASSETCATALOG_COMPILER_LAUNCHIMAGE_NAME = LaunchImage;
				INFOPLIST_FILE = SpaceRunnerSwiftPort/Info.plist;
				LD_RUNPATH_SEARCH_PATHS = "$(inherited) @executable_path/Frameworks";
				PRODUCT_NAME = "$(TARGET_NAME)";
			};
			name = Debug;
		};
		295D08CF193E541D00B26FFF /* Release */ = {
			isa = XCBuildConfiguration;
			buildSettings = {
				ASSETCATALOG_COMPILER_APPICON_NAME = AppIcon;
				ASSETCATALOG_COMPILER_LAUNCHIMAGE_NAME = LaunchImage;
				INFOPLIST_FILE = SpaceRunnerSwiftPort/Info.plist;
				LD_RUNPATH_SEARCH_PATHS = "$(inherited) @executable_path/Frameworks";
				PRODUCT_NAME = "$(TARGET_NAME)";
			};
			name = Release;
		};
		295D08D1193E541D00B26FFF /* Debug */ = {
			isa = XCBuildConfiguration;
			buildSettings = {
				BUNDLE_LOADER = "$(BUILT_PRODUCTS_DIR)/SpaceRunnerSwiftPort.app/SpaceRunnerSwiftPort";
				FRAMEWORK_SEARCH_PATHS = (
					"$(SDKROOT)/Developer/Library/Frameworks",
					"$(inherited)",
				);
				GCC_PREPROCESSOR_DEFINITIONS = (
					"DEBUG=1",
					"$(inherited)",
				);
				INFOPLIST_FILE = SpaceRunnerSwiftPortTests/Info.plist;
				LD_RUNPATH_SEARCH_PATHS = "$(inherited) @executable_path/Frameworks @loader_path/Frameworks";
				METAL_ENABLE_DEBUG_INFO = YES;
				PRODUCT_NAME = "$(TARGET_NAME)";
				TEST_HOST = "$(BUNDLE_LOADER)";
			};
			name = Debug;
		};
		295D08D2193E541D00B26FFF /* Release */ = {
			isa = XCBuildConfiguration;
			buildSettings = {
				BUNDLE_LOADER = "$(BUILT_PRODUCTS_DIR)/SpaceRunnerSwiftPort.app/SpaceRunnerSwiftPort";
				FRAMEWORK_SEARCH_PATHS = (
					"$(SDKROOT)/Developer/Library/Frameworks",
					"$(inherited)",
				);
				INFOPLIST_FILE = SpaceRunnerSwiftPortTests/Info.plist;
				LD_RUNPATH_SEARCH_PATHS = "$(inherited) @executable_path/Frameworks @loader_path/Frameworks";
				METAL_ENABLE_DEBUG_INFO = NO;
				PRODUCT_NAME = "$(TARGET_NAME)";
				TEST_HOST = "$(BUNDLE_LOADER)";
			};
			name = Release;
		};
/* End XCBuildConfiguration section */

/* Begin XCConfigurationList section */
		295D08A8193E541D00B26FFF /* Build configuration list for PBXProject "SpaceRunnerSwiftPort" */ = {
			isa = XCConfigurationList;
			buildConfigurations = (
				295D08CB193E541D00B26FFF /* Debug */,
				295D08CC193E541D00B26FFF /* Release */,
			);
			defaultConfigurationIsVisible = 0;
			defaultConfigurationName = Release;
		};
		295D08CD193E541D00B26FFF /* Build configuration list for PBXNativeTarget "SpaceRunnerSwiftPort" */ = {
			isa = XCConfigurationList;
			buildConfigurations = (
				295D08CE193E541D00B26FFF /* Debug */,
				295D08CF193E541D00B26FFF /* Release */,
			);
			defaultConfigurationIsVisible = 0;
		};
		295D08D0193E541D00B26FFF /* Build configuration list for PBXNativeTarget "SpaceRunnerSwiftPortTests" */ = {
			isa = XCConfigurationList;
			buildConfigurations = (
				295D08D1193E541D00B26FFF /* Debug */,
				295D08D2193E541D00B26FFF /* Release */,
			);
			defaultConfigurationIsVisible = 0;
		};
/* End XCConfigurationList section */
	};
	rootObject = 295D08A5193E541D00B26FFF /* Project object */;
}
